// !$*UTF8*$!
{
	archiveVersion = 1;
	classes = {
	};
	objectVersion = 46;
	objects = {

/* Begin PBXBuildFile section */
		9C215B301BE598E300BAEDA5 /* AppDelegate.swift in Sources */ = {isa = PBXBuildFile; fileRef = 9C215B2F1BE598E300BAEDA5 /* AppDelegate.swift */; };
		9C215B321BE598E300BAEDA5 /* GameScene.sks in Resources */ = {isa = PBXBuildFile; fileRef = 9C215B311BE598E300BAEDA5 /* GameScene.sks */; };
		9C215B341BE598E300BAEDA5 /* GameScene.swift in Sources */ = {isa = PBXBuildFile; fileRef = 9C215B331BE598E300BAEDA5 /* GameScene.swift */; };
		9C215B361BE598E300BAEDA5 /* GameViewController.swift in Sources */ = {isa = PBXBuildFile; fileRef = 9C215B351BE598E300BAEDA5 /* GameViewController.swift */; };
		9C215B391BE598E300BAEDA5 /* Main.storyboard in Resources */ = {isa = PBXBuildFile; fileRef = 9C215B371BE598E300BAEDA5 /* Main.storyboard */; };
		9C215B3B1BE598E300BAEDA5 /* Assets.xcassets in Resources */ = {isa = PBXBuildFile; fileRef = 9C215B3A1BE598E300BAEDA5 /* Assets.xcassets */; };
		9C215B3E1BE598E300BAEDA5 /* LaunchScreen.storyboard in Resources */ = {isa = PBXBuildFile; fileRef = 9C215B3C1BE598E300BAEDA5 /* LaunchScreen.storyboard */; };
		9C215B491BE598E300BAEDA5 /* NimbleNinjaTests.swift in Sources */ = {isa = PBXBuildFile; fileRef = 9C215B481BE598E300BAEDA5 /* NimbleNinjaTests.swift */; };
		9C215B541BE598E300BAEDA5 /* NimbleNinjaUITests.swift in Sources */ = {isa = PBXBuildFile; fileRef = 9C215B531BE598E300BAEDA5 /* NimbleNinjaUITests.swift */; };
/* End PBXBuildFile section */

/* Begin PBXContainerItemProxy section */
		9C215B451BE598E300BAEDA5 /* PBXContainerItemProxy */ = {
			isa = PBXContainerItemProxy;
			containerPortal = 9C215B241BE598E300BAEDA5 /* Project object */;
			proxyType = 1;
			remoteGlobalIDString = 9C215B2B1BE598E300BAEDA5;
			remoteInfo = NimbleNinja;
		};
		9C215B501BE598E300BAEDA5 /* PBXContainerItemProxy */ = {
			isa = PBXContainerItemProxy;
			containerPortal = 9C215B241BE598E300BAEDA5 /* Project object */;
			proxyType = 1;
			remoteGlobalIDString = 9C215B2B1BE598E300BAEDA5;
			remoteInfo = NimbleNinja;
		};
/* End PBXContainerItemProxy section */

/* Begin PBXFileReference section */
		9C215B2C1BE598E300BAEDA5 /* NimbleNinja.app */ = {isa = PBXFileReference; explicitFileType = wrapper.application; includeInIndex = 0; path = NimbleNinja.app; sourceTree = BUILT_PRODUCTS_DIR; };
		9C215B2F1BE598E300BAEDA5 /* AppDelegate.swift */ = {isa = PBXFileReference; lastKnownFileType = sourcecode.swift; path = AppDelegate.swift; sourceTree = "<group>"; };
		9C215B311BE598E300BAEDA5 /* GameScene.sks */ = {isa = PBXFileReference; lastKnownFileType = file.sks; path = GameScene.sks; sourceTree = "<group>"; };
		9C215B331BE598E300BAEDA5 /* GameScene.swift */ = {isa = PBXFileReference; lastKnownFileType = sourcecode.swift; path = GameScene.swift; sourceTree = "<group>"; };
		9C215B351BE598E300BAEDA5 /* GameViewController.swift */ = {isa = PBXFileReference; lastKnownFileType = sourcecode.swift; path = GameViewController.swift; sourceTree = "<group>"; };
		9C215B381BE598E300BAEDA5 /* Base */ = {isa = PBXFileReference; lastKnownFileType = file.storyboard; name = Base; path = Base.lproj/Main.storyboard; sourceTree = "<group>"; };
		9C215B3A1BE598E300BAEDA5 /* Assets.xcassets */ = {isa = PBXFileReference; lastKnownFileType = folder.assetcatalog; path = Assets.xcassets; sourceTree = "<group>"; };
		9C215B3D1BE598E300BAEDA5 /* Base */ = {isa = PBXFileReference; lastKnownFileType = file.storyboard; name = Base; path = Base.lproj/LaunchScreen.storyboard; sourceTree = "<group>"; };
		9C215B3F1BE598E300BAEDA5 /* Info.plist */ = {isa = PBXFileReference; lastKnownFileType = text.plist.xml; path = Info.plist; sourceTree = "<group>"; };
		9C215B441BE598E300BAEDA5 /* NimbleNinjaTests.xctest */ = {isa = PBXFileReference; explicitFileType = wrapper.cfbundle; includeInIndex = 0; path = NimbleNinjaTests.xctest; sourceTree = BUILT_PRODUCTS_DIR; };
		9C215B481BE598E300BAEDA5 /* NimbleNinjaTests.swift */ = {isa = PBXFileReference; lastKnownFileType = sourcecode.swift; path = NimbleNinjaTests.swift; sourceTree = "<group>"; };
		9C215B4A1BE598E300BAEDA5 /* Info.plist */ = {isa = PBXFileReference; lastKnownFileType = text.plist.xml; path = Info.plist; sourceTree = "<group>"; };
		9C215B4F1BE598E300BAEDA5 /* NimbleNinjaUITests.xctest */ = {isa = PBXFileReference; explicitFileType = wrapper.cfbundle; includeInIndex = 0; path = NimbleNinjaUITests.xctest; sourceTree = BUILT_PRODUCTS_DIR; };
		9C215B531BE598E300BAEDA5 /* NimbleNinjaUITests.swift */ = {isa = PBXFileReference; lastKnownFileType = sourcecode.swift; path = NimbleNinjaUITests.swift; sourceTree = "<group>"; };
		9C215B551BE598E300BAEDA5 /* Info.plist */ = {isa = PBXFileReference; lastKnownFileType = text.plist.xml; path = Info.plist; sourceTree = "<group>"; };
/* End PBXFileReference section */

/* Begin PBXFrameworksBuildPhase section */
		9C215B291BE598E300BAEDA5 /* Frameworks */ = {
			isa = PBXFrameworksBuildPhase;
			buildActionMask = 2147483647;
			files = (
			);
			runOnlyForDeploymentPostprocessing = 0;
		};
		9C215B411BE598E300BAEDA5 /* Frameworks */ = {
			isa = PBXFrameworksBuildPhase;
			buildActionMask = 2147483647;
			files = (
			);
			runOnlyForDeploymentPostprocessing = 0;
		};
		9C215B4C1BE598E300BAEDA5 /* Frameworks */ = {
			isa = PBXFrameworksBuildPhase;
			buildActionMask = 2147483647;
			files = (
			);
			runOnlyForDeploymentPostprocessing = 0;
		};
/* End PBXFrameworksBuildPhase section */

/* Begin PBXGroup section */
		9C215B231BE598E300BAEDA5 = {
			isa = PBXGroup;
			children = (
				9C215B2E1BE598E300BAEDA5 /* NimbleNinja */,
				9C215B471BE598E300BAEDA5 /* NimbleNinjaTests */,
				9C215B521BE598E300BAEDA5 /* NimbleNinjaUITests */,
				9C215B2D1BE598E300BAEDA5 /* Products */,
			);
			sourceTree = "<group>";
		};
		9C215B2D1BE598E300BAEDA5 /* Products */ = {
			isa = PBXGroup;
			children = (
				9C215B2C1BE598E300BAEDA5 /* NimbleNinja.app */,
				9C215B441BE598E300BAEDA5 /* NimbleNinjaTests.xctest */,
				9C215B4F1BE598E300BAEDA5 /* NimbleNinjaUITests.xctest */,
			);
			name = Products;
			sourceTree = "<group>";
		};
		9C215B2E1BE598E300BAEDA5 /* NimbleNinja */ = {
			isa = PBXGroup;
			children = (
				9C215B2F1BE598E300BAEDA5 /* AppDelegate.swift */,
				9C215B311BE598E300BAEDA5 /* GameScene.sks */,
				9C215B331BE598E300BAEDA5 /* GameScene.swift */,
				9C215B351BE598E300BAEDA5 /* GameViewController.swift */,
				9C215B371BE598E300BAEDA5 /* Main.storyboard */,
				9C215B3A1BE598E300BAEDA5 /* Assets.xcassets */,
				9C215B3C1BE598E300BAEDA5 /* LaunchScreen.storyboard */,
				9C215B3F1BE598E300BAEDA5 /* Info.plist */,
			);
			path = NimbleNinja;
			sourceTree = "<group>";
		};
		9C215B471BE598E300BAEDA5 /* NimbleNinjaTests */ = {
			isa = PBXGroup;
			children = (
				9C215B481BE598E300BAEDA5 /* NimbleNinjaTests.swift */,
				9C215B4A1BE598E300BAEDA5 /* Info.plist */,
			);
			path = NimbleNinjaTests;
			sourceTree = "<group>";
		};
		9C215B521BE598E300BAEDA5 /* NimbleNinjaUITests */ = {
			isa = PBXGroup;
			children = (
				9C215B531BE598E300BAEDA5 /* NimbleNinjaUITests.swift */,
				9C215B551BE598E300BAEDA5 /* Info.plist */,
			);
			path = NimbleNinjaUITests;
			sourceTree = "<group>";
		};
/* End PBXGroup section */

/* Begin PBXNativeTarget section */
		9C215B2B1BE598E300BAEDA5 /* NimbleNinja */ = {
			isa = PBXNativeTarget;
			buildConfigurationList = 9C215B581BE598E300BAEDA5 /* Build configuration list for PBXNativeTarget "NimbleNinja" */;
			buildPhases = (
				9C215B281BE598E300BAEDA5 /* Sources */,
				9C215B291BE598E300BAEDA5 /* Frameworks */,
				9C215B2A1BE598E300BAEDA5 /* Resources */,
			);
			buildRules = (
			);
			dependencies = (
			);
			name = NimbleNinja;
			productName = NimbleNinja;
			productReference = 9C215B2C1BE598E300BAEDA5 /* NimbleNinja.app */;
			productType = "com.apple.product-type.application";
		};
		9C215B431BE598E300BAEDA5 /* NimbleNinjaTests */ = {
			isa = PBXNativeTarget;
			buildConfigurationList = 9C215B5B1BE598E300BAEDA5 /* Build configuration list for PBXNativeTarget "NimbleNinjaTests" */;
			buildPhases = (
				9C215B401BE598E300BAEDA5 /* Sources */,
				9C215B411BE598E300BAEDA5 /* Frameworks */,
				9C215B421BE598E300BAEDA5 /* Resources */,
			);
			buildRules = (
			);
			dependencies = (
				9C215B461BE598E300BAEDA5 /* PBXTargetDependency */,
			);
			name = NimbleNinjaTests;
			productName = NimbleNinjaTests;
			productReference = 9C215B441BE598E300BAEDA5 /* NimbleNinjaTests.xctest */;
			productType = "com.apple.product-type.bundle.unit-test";
		};
		9C215B4E1BE598E300BAEDA5 /* NimbleNinjaUITests */ = {
			isa = PBXNativeTarget;
			buildConfigurationList = 9C215B5E1BE598E300BAEDA5 /* Build configuration list for PBXNativeTarget "NimbleNinjaUITests" */;
			buildPhases = (
				9C215B4B1BE598E300BAEDA5 /* Sources */,
				9C215B4C1BE598E300BAEDA5 /* Frameworks */,
				9C215B4D1BE598E300BAEDA5 /* Resources */,
			);
			buildRules = (
			);
			dependencies = (
				9C215B511BE598E300BAEDA5 /* PBXTargetDependency */,
			);
			name = NimbleNinjaUITests;
			productName = NimbleNinjaUITests;
			productReference = 9C215B4F1BE598E300BAEDA5 /* NimbleNinjaUITests.xctest */;
			productType = "com.apple.product-type.bundle.ui-testing";
		};
/* End PBXNativeTarget section */

/* Begin PBXProject section */
		9C215B241BE598E300BAEDA5 /* Project object */ = {
			isa = PBXProject;
			attributes = {
				LastUpgradeCheck = 0700;
				ORGANIZATIONNAME = Appcoda;
				TargetAttributes = {
					9C215B2B1BE598E300BAEDA5 = {
						CreatedOnToolsVersion = 7.0.1;
					};
					9C215B431BE598E300BAEDA5 = {
						CreatedOnToolsVersion = 7.0.1;
						TestTargetID = 9C215B2B1BE598E300BAEDA5;
					};
					9C215B4E1BE598E300BAEDA5 = {
						CreatedOnToolsVersion = 7.0.1;
						TestTargetID = 9C215B2B1BE598E300BAEDA5;
					};
				};
			};
			buildConfigurationList = 9C215B271BE598E300BAEDA5 /* Build configuration list for PBXProject "NimbleNinja" */;
			compatibilityVersion = "Xcode 3.2";
			developmentRegion = English;
			hasScannedForEncodings = 0;
			knownRegions = (
				en,
				Base,
			);
			mainGroup = 9C215B231BE598E300BAEDA5;
			productRefGroup = 9C215B2D1BE598E300BAEDA5 /* Products */;
			projectDirPath = "";
			projectRoot = "";
			targets = (
				9C215B2B1BE598E300BAEDA5 /* NimbleNinja */,
				9C215B431BE598E300BAEDA5 /* NimbleNinjaTests */,
				9C215B4E1BE598E300BAEDA5 /* NimbleNinjaUITests */,
			);
		};
/* End PBXProject section */

/* Begin PBXResourcesBuildPhase section */
		9C215B2A1BE598E300BAEDA5 /* Resources */ = {
			isa = PBXResourcesBuildPhase;
			buildActionMask = 2147483647;
			files = (
				9C215B321BE598E300BAEDA5 /* GameScene.sks in Resources */,
				9C215B3E1BE598E300BAEDA5 /* LaunchScreen.storyboard in Resources */,
				9C215B3B1BE598E300BAEDA5 /* Assets.xcassets in Resources */,
				9C215B391BE598E300BAEDA5 /* Main.storyboard in Resources */,
			);
			runOnlyForDeploymentPostprocessing = 0;
		};
		9C215B421BE598E300BAEDA5 /* Resources */ = {
			isa = PBXResourcesBuildPhase;
			buildActionMask = 2147483647;
			files = (
			);
			runOnlyForDeploymentPostprocessing = 0;
		};
		9C215B4D1BE598E300BAEDA5 /* Resources */ = {
			isa = PBXResourcesBuildPhase;
			buildActionMask = 2147483647;
			files = (
			);
			runOnlyForDeploymentPostprocessing = 0;
		};
/* End PBXResourcesBuildPhase section */

/* Begin PBXSourcesBuildPhase section */
		9C215B281BE598E300BAEDA5 /* Sources */ = {
			isa = PBXSourcesBuildPhase;
			buildActionMask = 2147483647;
			files = (
				9C215B341BE598E300BAEDA5 /* GameScene.swift in Sources */,
				9C215B361BE598E300BAEDA5 /* GameViewController.swift in Sources */,
				9C215B301BE598E300BAEDA5 /* AppDelegate.swift in Sources */,
			);
			runOnlyForDeploymentPostprocessing = 0;
		};
		9C215B401BE598E300BAEDA5 /* Sources */ = {
			isa = PBXSourcesBuildPhase;
			buildActionMask = 2147483647;
			files = (
				9C215B491BE598E300BAEDA5 /* NimbleNinjaTests.swift in Sources */,
			);
			runOnlyForDeploymentPostprocessing = 0;
		};
		9C215B4B1BE598E300BAEDA5 /* Sources */ = {
			isa = PBXSourcesBuildPhase;
			buildActionMask = 2147483647;
			files = (
				9C215B541BE598E300BAEDA5 /* NimbleNinjaUITests.swift in Sources */,
			);
			runOnlyForDeploymentPostprocessing = 0;
		};
/* End PBXSourcesBuildPhase section */

/* Begin PBXTargetDependency section */
		9C215B461BE598E300BAEDA5 /* PBXTargetDependency */ = {
			isa = PBXTargetDependency;
			target = 9C215B2B1BE598E300BAEDA5 /* NimbleNinja */;
			targetProxy = 9C215B451BE598E300BAEDA5 /* PBXContainerItemProxy */;
		};
		9C215B511BE598E300BAEDA5 /* PBXTargetDependency */ = {
			isa = PBXTargetDependency;
			target = 9C215B2B1BE598E300BAEDA5 /* NimbleNinja */;
			targetProxy = 9C215B501BE598E300BAEDA5 /* PBXContainerItemProxy */;
		};
/* End PBXTargetDependency section */

/* Begin PBXVariantGroup section */
		9C215B371BE598E300BAEDA5 /* Main.storyboard */ = {
			isa = PBXVariantGroup;
			children = (
				9C215B381BE598E300BAEDA5 /* Base */,
			);
			name = Main.storyboard;
			sourceTree = "<group>";
		};
		9C215B3C1BE598E300BAEDA5 /* LaunchScreen.storyboard */ = {
			isa = PBXVariantGroup;
			children = (
				9C215B3D1BE598E300BAEDA5 /* Base */,
			);
			name = LaunchScreen.storyboard;
			sourceTree = "<group>";
		};
/* End PBXVariantGroup section */

/* Begin XCBuildConfiguration section */
		9C215B561BE598E300BAEDA5 /* Debug */ = {
			isa = XCBuildConfiguration;
			buildSettings = {
				ALWAYS_SEARCH_USER_PATHS = NO;
				CLANG_CXX_LANGUAGE_STANDARD = "gnu++0x";
				CLANG_CXX_LIBRARY = "libc++";
				CLANG_ENABLE_MODULES = YES;
				CLANG_ENABLE_OBJC_ARC = YES;
				CLANG_WARN_BOOL_CONVERSION = YES;
				CLANG_WARN_CONSTANT_CONVERSION = YES;
				CLANG_WARN_DIRECT_OBJC_ISA_USAGE = YES_ERROR;
				CLANG_WARN_EMPTY_BODY = YES;
				CLANG_WARN_ENUM_CONVERSION = YES;
				CLANG_WARN_INT_CONVERSION = YES;
				CLANG_WARN_OBJC_ROOT_CLASS = YES_ERROR;
				CLANG_WARN_UNREACHABLE_CODE = YES;
				CLANG_WARN__DUPLICATE_METHOD_MATCH = YES;
				"CODE_SIGN_IDENTITY[sdk=iphoneos*]" = "iPhone Developer";
				COPY_PHASE_STRIP = NO;
				DEBUG_INFORMATION_FORMAT = "dwarf-with-dsym";
				ENABLE_STRICT_OBJC_MSGSEND = YES;
				ENABLE_TESTABILITY = YES;
				GCC_C_LANGUAGE_STANDARD = gnu99;
				GCC_DYNAMIC_NO_PIC = NO;
				GCC_NO_COMMON_BLOCKS = YES;
				GCC_OPTIMIZATION_LEVEL = 0;
				GCC_PREPROCESSOR_DEFINITIONS = (
					"DEBUG=1",
					"$(inherited)",
				);
				GCC_WARN_64_TO_32_BIT_CONVERSION = YES;
				GCC_WARN_ABOUT_RETURN_TYPE = YES_ERROR;
				GCC_WARN_UNDECLARED_SELECTOR = YES;
				GCC_WARN_UNINITIALIZED_AUTOS = YES_AGGRESSIVE;
				GCC_WARN_UNUSED_FUNCTION = YES;
				GCC_WARN_UNUSED_VARIABLE = YES;
				IPHONEOS_DEPLOYMENT_TARGET = 9.0;
				MTL_ENABLE_DEBUG_INFO = YES;
				ONLY_ACTIVE_ARCH = YES;
				SDKROOT = iphoneos;
				SWIFT_OPTIMIZATION_LEVEL = "-Onone";
				TARGETED_DEVICE_FAMILY = "1,2";
			};
			name = Debug;
		};
		9C215B571BE598E300BAEDA5 /* Release */ = {
			isa = XCBuildConfiguration;
			buildSettings = {
				ALWAYS_SEARCH_USER_PATHS = NO;
				CLANG_CXX_LANGUAGE_STANDARD = "gnu++0x";
				CLANG_CXX_LIBRARY = "libc++";
				CLANG_ENABLE_MODULES = YES;
				CLANG_ENABLE_OBJC_ARC = YES;
				CLANG_WARN_BOOL_CONVERSION = YES;
				CLANG_WARN_CONSTANT_CONVERSION = YES;
				CLANG_WARN_DIRECT_OBJC_ISA_USAGE = YES_ERROR;
				CLANG_WARN_EMPTY_BODY = YES;
				CLANG_WARN_ENUM_CONVERSION = YES;
				CLANG_WARN_INT_CONVERSION = YES;
				CLANG_WARN_OBJC_ROOT_CLASS = YES_ERROR;
				CLANG_WARN_UNREACHABLE_CODE = YES;
				CLANG_WARN__DUPLICATE_METHOD_MATCH = YES;
				"CODE_SIGN_IDENTITY[sdk=iphoneos*]" = "iPhone Developer";
				COPY_PHASE_STRIP = NO;
				DEBUG_INFORMATION_FORMAT = "dwarf-with-dsym";
				ENABLE_NS_ASSERTIONS = NO;
				ENABLE_STRICT_OBJC_MSGSEND = YES;
				GCC_C_LANGUAGE_STANDARD = gnu99;
				GCC_NO_COMMON_BLOCKS = YES;
				GCC_WARN_64_TO_32_BIT_CONVERSION = YES;
				GCC_WARN_ABOUT_RETURN_TYPE = YES_ERROR;
				GCC_WARN_UNDECLARED_SELECTOR = YES;
				GCC_WARN_UNINITIALIZED_AUTOS = YES_AGGRESSIVE;
				GCC_WARN_UNUSED_FUNCTION = YES;
				GCC_WARN_UNUSED_VARIABLE = YES;
				IPHONEOS_DEPLOYMENT_TARGET = 9.0;
				MTL_ENABLE_DEBUG_INFO = NO;
				SDKROOT = iphoneos;
				TARGETED_DEVICE_FAMILY = "1,2";
				VALIDATE_PRODUCT = YES;
			};
			name = Release;
		};
		9C215B591BE598E300BAEDA5 /* Debug */ = {
			isa = XCBuildConfiguration;
			buildSettings = {
				ASSETCATALOG_COMPILER_APPICON_NAME = AppIcon;
				INFOPLIST_FILE = NimbleNinja/Info.plist;
				LD_RUNPATH_SEARCH_PATHS = "$(inherited) @executable_path/Frameworks";
				PRODUCT_BUNDLE_IDENTIFIER = com.appcoda.NimbleNinja;
				PRODUCT_NAME = "$(TARGET_NAME)";
			};
			name = Debug;
		};
		9C215B5A1BE598E300BAEDA5 /* Release */ = {
			isa = XCBuildConfiguration;
			buildSettings = {
				ASSETCATALOG_COMPILER_APPICON_NAME = AppIcon;
				INFOPLIST_FILE = NimbleNinja/Info.plist;
				LD_RUNPATH_SEARCH_PATHS = "$(inherited) @executable_path/Frameworks";
				PRODUCT_BUNDLE_IDENTIFIER = com.appcoda.NimbleNinja;
				PRODUCT_NAME = "$(TARGET_NAME)";
			};
			name = Release;
		};
		9C215B5C1BE598E300BAEDA5 /* Debug */ = {
			isa = XCBuildConfiguration;
			buildSettings = {
				BUNDLE_LOADER = "$(TEST_HOST)";
				DEBUG_INFORMATION_FORMAT = dwarf;
				INFOPLIST_FILE = NimbleNinjaTests/Info.plist;
				LD_RUNPATH_SEARCH_PATHS = "$(inherited) @executable_path/Frameworks @loader_path/Frameworks";
				PRODUCT_BUNDLE_IDENTIFIER = com.appcoda.NimbleNinjaTests;
				PRODUCT_NAME = "$(TARGET_NAME)";
				TEST_HOST = "$(BUILT_PRODUCTS_DIR)/NimbleNinja.app/NimbleNinja";
			};
			name = Debug;
		};
		9C215B5D1BE598E300BAEDA5 /* Release */ = {
			isa = XCBuildConfiguration;
			buildSettings = {
				BUNDLE_LOADER = "$(TEST_HOST)";
				INFOPLIST_FILE = NimbleNinjaTests/Info.plist;
				LD_RUNPATH_SEARCH_PATHS = "$(inherited) @executable_path/Frameworks @loader_path/Frameworks";
				PRODUCT_BUNDLE_IDENTIFIER = com.appcoda.NimbleNinjaTests;
				PRODUCT_NAME = "$(TARGET_NAME)";
				TEST_HOST = "$(BUILT_PRODUCTS_DIR)/NimbleNinja.app/NimbleNinja";
			};
			name = Release;
		};
		9C215B5F1BE598E300BAEDA5 /* Debug */ = {
			isa = XCBuildConfiguration;
			buildSettings = {
				DEBUG_INFORMATION_FORMAT = dwarf;
				INFOPLIST_FILE = NimbleNinjaUITests/Info.plist;
				LD_RUNPATH_SEARCH_PATHS = "$(inherited) @executable_path/Frameworks @loader_path/Frameworks";
				PRODUCT_BUNDLE_IDENTIFIER = com.appcoda.NimbleNinjaUITests;
				PRODUCT_NAME = "$(TARGET_NAME)";
				TEST_TARGET_NAME = NimbleNinja;
				USES_XCTRUNNER = YES;
			};
			name = Debug;
		};
		9C215B601BE598E300BAEDA5 /* Release */ = {
			isa = XCBuildConfiguration;
			buildSettings = {
				INFOPLIST_FILE = NimbleNinjaUITests/Info.plist;
				LD_RUNPATH_SEARCH_PATHS = "$(inherited) @executable_path/Frameworks @loader_path/Frameworks";
				PRODUCT_BUNDLE_IDENTIFIER = com.appcoda.NimbleNinjaUITests;
				PRODUCT_NAME = "$(TARGET_NAME)";
				TEST_TARGET_NAME = NimbleNinja;
				USES_XCTRUNNER = YES;
			};
			name = Release;
		};
/* End XCBuildConfiguration section */

/* Begin XCConfigurationList section */
		9C215B271BE598E300BAEDA5 /* Build configuration list for PBXProject "NimbleNinja" */ = {
			isa = XCConfigurationList;
			buildConfigurations = (
				9C215B561BE598E300BAEDA5 /* Debug */,
				9C215B571BE598E300BAEDA5 /* Release */,
			);
			defaultConfigurationIsVisible = 0;
			defaultConfigurationName = Release;
		};
		9C215B581BE598E300BAEDA5 /* Build configuration list for PBXNativeTarget "NimbleNinja" */ = {
			isa = XCConfigurationList;
			buildConfigurations = (
				9C215B591BE598E300BAEDA5 /* Debug */,
				9C215B5A1BE598E300BAEDA5 /* Release */,
			);
			defaultConfigurationIsVisible = 0;
		};
		9C215B5B1BE598E300BAEDA5 /* Build configuration list for PBXNativeTarget "NimbleNinjaTests" */ = {
			isa = XCConfigurationList;
			buildConfigurations = (
				9C215B5C1BE598E300BAEDA5 /* Debug */,
				9C215B5D1BE598E300BAEDA5 /* Release */,
			);
			defaultConfigurationIsVisible = 0;
		};
		9C215B5E1BE598E300BAEDA5 /* Build configuration list for PBXNativeTarget "NimbleNinjaUITests" */ = {
			isa = XCConfigurationList;
			buildConfigurations = (
				9C215B5F1BE598E300BAEDA5 /* Debug */,
				9C215B601BE598E300BAEDA5 /* Release */,
			);
			defaultConfigurationIsVisible = 0;
		};
/* End XCConfigurationList section */
	};
	rootObject = 9C215B241BE598E300BAEDA5 /* Project object */;
}
